
Microsoft Visual Studio Solution File, Format Version 12.00
# Visual Studio Version 16
VisualStudioVersion = 16.0.30907.101
MinimumVisualStudioVersion = 10.0.40219.1
Project("{8BC9CEB8-8B4A-11D0-8D11-00A0C91BC942}") = "bajinzhi", "bajinzhi\bajinzhi.vcxproj", "{B58BAA14-B962-4141-8973-003C8602FDAC}"
EndProject
Global
	GlobalSection(SolutionConfigurationPlatforms) = preSolution
		Debug|x64 = Debug|x64
		Debug|x86 = Debug|x86
		Release|x64 = Release|x64
		Release|x86 = Release|x86
	EndGlobalSection
	GlobalSection(ProjectConfigurationPlatforms) = postSolution
		{B58BAA14-B962-4141-8973-003C8602FDAC}.Debug|x64.ActiveCfg = Debug|x64
		{B58BAA14-B962-4141-8973-003C8602FDAC}.Debug|x64.Build.0 = Debug|x64
		{B58BAA14-B962-4141-8973-003C8602FDAC}.Debug|x86.ActiveCfg = Debug|Win32
		{B58BAA14-B962-4141-8973-003C8602FDAC}.Debug|x86.Build.0 = Debug|Win32
		{B58BAA14-B962-4141-8973-003C8602FDAC}.Release|x64.ActiveCfg = Release|x64
		{B58BAA14-B962-4141-8973-003C8602FDAC}.Release|x64.Build.0 = Release|x64
		{B58BAA14-B962-4141-8973-003C8602FDAC}.Release|x86.ActiveCfg = Release|Win32
		{B58BAA14-B962-4141-8973-003C8602FDAC}.Release|x86.Build.0 = Release|Win32
	EndGlobalSection
	GlobalSection(SolutionProperties) = preSolution
		HideSolutionNode = FALSE
	EndGlobalSection
	GlobalSection(ExtensibilityGlobals) = postSolution
		SolutionGuid = {A55254AF-3D40-4196-9678-6C060A048921}
	EndGlobalSection
EndGlobal
