
Microsoft Visual Studio Solution File, Format Version 12.00
# Visual Studio Version 17
VisualStudioVersion = 17.0.31912.275
MinimumVisualStudioVersion = 10.0.40219.1
Project("{8BC9CEB8-8B4A-11D0-8D11-00A0C91BC942}") = "02 rank score", "02 rank score\02 rank score.vcxproj", "{65FFF653-5586-4A8E-BF21-F3C34E559DBA}"
EndProject
Global
	GlobalSection(SolutionConfigurationPlatforms) = preSolution
		Debug|x64 = Debug|x64
		Debug|x86 = Debug|x86
		Release|x64 = Release|x64
		Release|x86 = Release|x86
	EndGlobalSection
	GlobalSection(ProjectConfigurationPlatforms) = postSolution
		{65FFF653-5586-4A8E-BF21-F3C34E559DBA}.Debug|x64.ActiveCfg = Debug|x64
		{65FFF653-5586-4A8E-BF21-F3C34E559DBA}.Debug|x64.Build.0 = Debug|x64
		{65FFF653-5586-4A8E-BF21-F3C34E559DBA}.Debug|x86.ActiveCfg = Debug|Win32
		{65FFF653-5586-4A8E-BF21-F3C34E559DBA}.Debug|x86.Build.0 = Debug|Win32
		{65FFF653-5586-4A8E-BF21-F3C34E559DBA}.Release|x64.ActiveCfg = Release|x64
		{65FFF653-5586-4A8E-BF21-F3C34E559DBA}.Release|x64.Build.0 = Release|x64
		{65FFF653-5586-4A8E-BF21-F3C34E559DBA}.Release|x86.ActiveCfg = Release|Win32
		{65FFF653-5586-4A8E-BF21-F3C34E559DBA}.Release|x86.Build.0 = Release|Win32
	EndGlobalSection
	GlobalSection(SolutionProperties) = preSolution
		HideSolutionNode = FALSE
	EndGlobalSection
	GlobalSection(ExtensibilityGlobals) = postSolution
		SolutionGuid = {7203D82E-8AE0-492E-8620-AFD36BD4B3C6}
	EndGlobalSection
EndGlobal
