
Microsoft Visual Studio Solution File, Format Version 12.00
# Visual Studio Version 17
VisualStudioVersion = 17.0.31912.275
MinimumVisualStudioVersion = 10.0.40219.1
Project("{8BC9CEB8-8B4A-11D0-8D11-00A0C91BC942}") = "03maxNum", "03maxNum\03maxNum.vcxproj", "{16B4C7FF-B548-4FE0-81DB-941467E1713C}"
EndProject
Global
	GlobalSection(SolutionConfigurationPlatforms) = preSolution
		Debug|x64 = Debug|x64
		Debug|x86 = Debug|x86
		Release|x64 = Release|x64
		Release|x86 = Release|x86
	EndGlobalSection
	GlobalSection(ProjectConfigurationPlatforms) = postSolution
		{16B4C7FF-B548-4FE0-81DB-941467E1713C}.Debug|x64.ActiveCfg = Debug|x64
		{16B4C7FF-B548-4FE0-81DB-941467E1713C}.Debug|x64.Build.0 = Debug|x64
		{16B4C7FF-B548-4FE0-81DB-941467E1713C}.Debug|x86.ActiveCfg = Debug|Win32
		{16B4C7FF-B548-4FE0-81DB-941467E1713C}.Debug|x86.Build.0 = Debug|Win32
		{16B4C7FF-B548-4FE0-81DB-941467E1713C}.Release|x64.ActiveCfg = Release|x64
		{16B4C7FF-B548-4FE0-81DB-941467E1713C}.Release|x64.Build.0 = Release|x64
		{16B4C7FF-B548-4FE0-81DB-941467E1713C}.Release|x86.ActiveCfg = Release|Win32
		{16B4C7FF-B548-4FE0-81DB-941467E1713C}.Release|x86.Build.0 = Release|Win32
	EndGlobalSection
	GlobalSection(SolutionProperties) = preSolution
		HideSolutionNode = FALSE
	EndGlobalSection
	GlobalSection(ExtensibilityGlobals) = postSolution
		SolutionGuid = {5C44089D-AD5A-4DA8-A9B6-0E14F74646FD}
	EndGlobalSection
EndGlobal
